// !$*UTF8*$!
{
	archiveVersion = 1;
	classes = {
	};
	objectVersion = 56;
	objects = {

/* Begin PBXBuildFile section */
		7D1F30602B57E6300039EE35 /* SymmetricalFunicularApp.swift in Sources */ = {isa = PBXBuildFile; fileRef = 7D1F305F2B57E6300039EE35 /* SymmetricalFunicularApp.swift */; };
		7D1F30642B57E6310039EE35 /* Assets.xcassets in Resources */ = {isa = PBXBuildFile; fileRef = 7D1F30632B57E6310039EE35 /* Assets.xcassets */; };
		7D1F30672B57E6310039EE35 /* Preview Assets.xcassets in Resources */ = {isa = PBXBuildFile; fileRef = 7D1F30662B57E6310039EE35 /* Preview Assets.xcassets */; };
		7D446BD12B593449000FF185 /* PaginationView.swift in Sources */ = {isa = PBXBuildFile; fileRef = 7D446BD02B593449000FF185 /* PaginationView.swift */; };
		7D446BD42B5967D6000FF185 /* SearchViewModelTests.swift in Sources */ = {isa = PBXBuildFile; fileRef = 7D446BD32B5967D6000FF185 /* SearchViewModelTests.swift */; };
		7D446BD72B597665000FF185 /* EmptyStateView.swift in Sources */ = {isa = PBXBuildFile; fileRef = 7D446BD62B597665000FF185 /* EmptyStateView.swift */; };
		7D4A14562B57FA02009B93DE /* CardView.swift in Sources */ = {isa = PBXBuildFile; fileRef = 7D4A14552B57FA02009B93DE /* CardView.swift */; };
		7D4A14592B5800FB009B93DE /* Client.swift in Sources */ = {isa = PBXBuildFile; fileRef = 7D4A14582B5800FB009B93DE /* Client.swift */; };
		7D4A145B2B580178009B93DE /* Method.swift in Sources */ = {isa = PBXBuildFile; fileRef = 7D4A145A2B580178009B93DE /* Method.swift */; };
		7D4A145D2B580196009B93DE /* Error.swift in Sources */ = {isa = PBXBuildFile; fileRef = 7D4A145C2B580196009B93DE /* Error.swift */; };
		7D4A145F2B5801E5009B93DE /* ClientImpl.swift in Sources */ = {isa = PBXBuildFile; fileRef = 7D4A145E2B5801E5009B93DE /* ClientImpl.swift */; };
		7D4A14612B580217009B93DE /* Environment.swift in Sources */ = {isa = PBXBuildFile; fileRef = 7D4A14602B580217009B93DE /* Environment.swift */; };
		7D4A14632B5802A6009B93DE /* ResponsesMock.swift in Sources */ = {isa = PBXBuildFile; fileRef = 7D4A14622B5802A6009B93DE /* ResponsesMock.swift */; };
		7D4A14652B5802E5009B93DE /* URLRequest+Curl.swift in Sources */ = {isa = PBXBuildFile; fileRef = 7D4A14642B5802E5009B93DE /* URLRequest+Curl.swift */; };
		7D4A146B2B580396009B93DE /* SearchViewModel.swift in Sources */ = {isa = PBXBuildFile; fileRef = 7D4A146A2B580396009B93DE /* SearchViewModel.swift */; };
		7D4A14702B580525009B93DE /* ApiService.swift in Sources */ = {isa = PBXBuildFile; fileRef = 7D4A146F2B580525009B93DE /* ApiService.swift */; };
		7D4A14722B580540009B93DE /* ApiEnvironment.swift in Sources */ = {isa = PBXBuildFile; fileRef = 7D4A14712B580540009B93DE /* ApiEnvironment.swift */; };
		7D4A14742B580586009B93DE /* ApiRequest.swift in Sources */ = {isa = PBXBuildFile; fileRef = 7D4A14732B580586009B93DE /* ApiRequest.swift */; };
		7D4A14772B58064C009B93DE /* RequestParameters.swift in Sources */ = {isa = PBXBuildFile; fileRef = 7D4A14762B58064C009B93DE /* RequestParameters.swift */; };
		7D4A14792B58070C009B93DE /* ErrorResponse.swift in Sources */ = {isa = PBXBuildFile; fileRef = 7D4A14782B58070C009B93DE /* ErrorResponse.swift */; };
		7D4A147B2B580765009B93DE /* ApiException.swift in Sources */ = {isa = PBXBuildFile; fileRef = 7D4A147A2B580765009B93DE /* ApiException.swift */; };
		7D4A147E2B5807E1009B93DE /* ApiRequest+.swift in Sources */ = {isa = PBXBuildFile; fileRef = 7D4A147D2B5807E1009B93DE /* ApiRequest+.swift */; };
		7D4A14812B58101E009B93DE /* SearchRequest.swift in Sources */ = {isa = PBXBuildFile; fileRef = 7D4A14802B58101E009B93DE /* SearchRequest.swift */; };
		7D4A14842B581818009B93DE /* Repository+.swift in Sources */ = {isa = PBXBuildFile; fileRef = 7D4A14832B581818009B93DE /* Repository+.swift */; };
		7D4A14862B5819DA009B93DE /* repos.json in Resources */ = {isa = PBXBuildFile; fileRef = 7D4A14852B5819DA009B93DE /* repos.json */; };
		7D4A14892B581AF6009B93DE /* SearchService.swift in Sources */ = {isa = PBXBuildFile; fileRef = 7D4A14882B581AF6009B93DE /* SearchService.swift */; };
		7D4A148B2B581BCB009B93DE /* SearchServiceImpl.swift in Sources */ = {isa = PBXBuildFile; fileRef = 7D4A148A2B581BCA009B93DE /* SearchServiceImpl.swift */; };
		7D4A148D2B58467E009B93DE /* SearchBarView.swift in Sources */ = {isa = PBXBuildFile; fileRef = 7D4A148C2B58467E009B93DE /* SearchBarView.swift */; };
		7DFBAAB52B57E97200171F20 /* SearchView.swift in Sources */ = {isa = PBXBuildFile; fileRef = 7DFBAAB42B57E97200171F20 /* SearchView.swift */; };
		7DFBAAB82B57E9BA00171F20 /* Repository.swift in Sources */ = {isa = PBXBuildFile; fileRef = 7DFBAAB72B57E9BA00171F20 /* Repository.swift */; };
		7DFBAABA2B57EBD500171F20 /* License.swift in Sources */ = {isa = PBXBuildFile; fileRef = 7DFBAAB92B57EBD500171F20 /* License.swift */; };
		7DFBAABC2B57EBE600171F20 /* Owner.swift in Sources */ = {isa = PBXBuildFile; fileRef = 7DFBAABB2B57EBE600171F20 /* Owner.swift */; };
/* End PBXBuildFile section */

/* Begin PBXContainerItemProxy section */
		7D1F306D2B57E6310039EE35 /* PBXContainerItemProxy */ = {
			isa = PBXContainerItemProxy;
			containerPortal = 7D1F30542B57E62F0039EE35 /* Project object */;
			proxyType = 1;
			remoteGlobalIDString = 7D1F305B2B57E6300039EE35;
			remoteInfo = SymmetricalFunicular;
		};
/* End PBXContainerItemProxy section */

/* Begin PBXFileReference section */
		7D1F305C2B57E6300039EE35 /* SymmetricalFunicular.app */ = {isa = PBXFileReference; explicitFileType = wrapper.application; includeInIndex = 0; path = SymmetricalFunicular.app; sourceTree = BUILT_PRODUCTS_DIR; };
		7D1F305F2B57E6300039EE35 /* SymmetricalFunicularApp.swift */ = {isa = PBXFileReference; lastKnownFileType = sourcecode.swift; path = SymmetricalFunicularApp.swift; sourceTree = "<group>"; };
		7D1F30632B57E6310039EE35 /* Assets.xcassets */ = {isa = PBXFileReference; lastKnownFileType = folder.assetcatalog; path = Assets.xcassets; sourceTree = "<group>"; };
		7D1F30662B57E6310039EE35 /* Preview Assets.xcassets */ = {isa = PBXFileReference; lastKnownFileType = folder.assetcatalog; path = "Preview Assets.xcassets"; sourceTree = "<group>"; };
		7D1F306C2B57E6310039EE35 /* SymmetricalFunicularTests.xctest */ = {isa = PBXFileReference; explicitFileType = wrapper.cfbundle; includeInIndex = 0; path = SymmetricalFunicularTests.xctest; sourceTree = BUILT_PRODUCTS_DIR; };
		7D446BD02B593449000FF185 /* PaginationView.swift */ = {isa = PBXFileReference; lastKnownFileType = sourcecode.swift; path = PaginationView.swift; sourceTree = "<group>"; };
		7D446BD22B5963A0000FF185 /* Info.plist */ = {isa = PBXFileReference; lastKnownFileType = text.plist; path = Info.plist; sourceTree = "<group>"; };
		7D446BD32B5967D6000FF185 /* SearchViewModelTests.swift */ = {isa = PBXFileReference; lastKnownFileType = sourcecode.swift; path = SearchViewModelTests.swift; sourceTree = "<group>"; };
		7D446BD62B597665000FF185 /* EmptyStateView.swift */ = {isa = PBXFileReference; lastKnownFileType = sourcecode.swift; path = EmptyStateView.swift; sourceTree = "<group>"; };
		7D4A14552B57FA02009B93DE /* CardView.swift */ = {isa = PBXFileReference; lastKnownFileType = sourcecode.swift; path = CardView.swift; sourceTree = "<group>"; };
		7D4A14582B5800FB009B93DE /* Client.swift */ = {isa = PBXFileReference; lastKnownFileType = sourcecode.swift; path = Client.swift; sourceTree = "<group>"; };
		7D4A145A2B580178009B93DE /* Method.swift */ = {isa = PBXFileReference; lastKnownFileType = sourcecode.swift; path = Method.swift; sourceTree = "<group>"; };
		7D4A145C2B580196009B93DE /* Error.swift */ = {isa = PBXFileReference; lastKnownFileType = sourcecode.swift; path = Error.swift; sourceTree = "<group>"; };
		7D4A145E2B5801E5009B93DE /* ClientImpl.swift */ = {isa = PBXFileReference; lastKnownFileType = sourcecode.swift; path = ClientImpl.swift; sourceTree = "<group>"; };
		7D4A14602B580217009B93DE /* Environment.swift */ = {isa = PBXFileReference; lastKnownFileType = sourcecode.swift; path = Environment.swift; sourceTree = "<group>"; };
		7D4A14622B5802A6009B93DE /* ResponsesMock.swift */ = {isa = PBXFileReference; lastKnownFileType = sourcecode.swift; path = ResponsesMock.swift; sourceTree = "<group>"; };
		7D4A14642B5802E5009B93DE /* URLRequest+Curl.swift */ = {isa = PBXFileReference; lastKnownFileType = sourcecode.swift; path = "URLRequest+Curl.swift"; sourceTree = "<group>"; };
		7D4A146A2B580396009B93DE /* SearchViewModel.swift */ = {isa = PBXFileReference; lastKnownFileType = sourcecode.swift; path = SearchViewModel.swift; sourceTree = "<group>"; };
		7D4A146F2B580525009B93DE /* ApiService.swift */ = {isa = PBXFileReference; lastKnownFileType = sourcecode.swift; path = ApiService.swift; sourceTree = "<group>"; };
		7D4A14712B580540009B93DE /* ApiEnvironment.swift */ = {isa = PBXFileReference; lastKnownFileType = sourcecode.swift; path = ApiEnvironment.swift; sourceTree = "<group>"; };
		7D4A14732B580586009B93DE /* ApiRequest.swift */ = {isa = PBXFileReference; lastKnownFileType = sourcecode.swift; path = ApiRequest.swift; sourceTree = "<group>"; };
		7D4A14762B58064C009B93DE /* RequestParameters.swift */ = {isa = PBXFileReference; lastKnownFileType = sourcecode.swift; path = RequestParameters.swift; sourceTree = "<group>"; };
		7D4A14782B58070C009B93DE /* ErrorResponse.swift */ = {isa = PBXFileReference; lastKnownFileType = sourcecode.swift; path = ErrorResponse.swift; sourceTree = "<group>"; };
		7D4A147A2B580765009B93DE /* ApiException.swift */ = {isa = PBXFileReference; lastKnownFileType = sourcecode.swift; path = ApiException.swift; sourceTree = "<group>"; };
		7D4A147D2B5807E1009B93DE /* ApiRequest+.swift */ = {isa = PBXFileReference; lastKnownFileType = sourcecode.swift; path = "ApiRequest+.swift"; sourceTree = "<group>"; };
		7D4A14802B58101E009B93DE /* SearchRequest.swift */ = {isa = PBXFileReference; lastKnownFileType = sourcecode.swift; path = SearchRequest.swift; sourceTree = "<group>"; };
		7D4A14832B581818009B93DE /* Repository+.swift */ = {isa = PBXFileReference; lastKnownFileType = sourcecode.swift; path = "Repository+.swift"; sourceTree = "<group>"; };
		7D4A14852B5819DA009B93DE /* repos.json */ = {isa = PBXFileReference; fileEncoding = 4; lastKnownFileType = text.json; path = repos.json; sourceTree = "<group>"; };
		7D4A14882B581AF6009B93DE /* SearchService.swift */ = {isa = PBXFileReference; lastKnownFileType = sourcecode.swift; path = SearchService.swift; sourceTree = "<group>"; };
		7D4A148A2B581BCA009B93DE /* SearchServiceImpl.swift */ = {isa = PBXFileReference; lastKnownFileType = sourcecode.swift; path = SearchServiceImpl.swift; sourceTree = "<group>"; };
		7D4A148C2B58467E009B93DE /* SearchBarView.swift */ = {isa = PBXFileReference; lastKnownFileType = sourcecode.swift; path = SearchBarView.swift; sourceTree = "<group>"; };
		7DFBAAB42B57E97200171F20 /* SearchView.swift */ = {isa = PBXFileReference; lastKnownFileType = sourcecode.swift; path = SearchView.swift; sourceTree = "<group>"; };
		7DFBAAB72B57E9BA00171F20 /* Repository.swift */ = {isa = PBXFileReference; lastKnownFileType = sourcecode.swift; path = Repository.swift; sourceTree = "<group>"; };
		7DFBAAB92B57EBD500171F20 /* License.swift */ = {isa = PBXFileReference; lastKnownFileType = sourcecode.swift; path = License.swift; sourceTree = "<group>"; };
		7DFBAABB2B57EBE600171F20 /* Owner.swift */ = {isa = PBXFileReference; lastKnownFileType = sourcecode.swift; path = Owner.swift; sourceTree = "<group>"; };
/* End PBXFileReference section */

/* Begin PBXFrameworksBuildPhase section */
		7D1F30592B57E6300039EE35 /* Frameworks */ = {
			isa = PBXFrameworksBuildPhase;
			buildActionMask = 2147483647;
			files = (
			);
			runOnlyForDeploymentPostprocessing = 0;
		};
		7D1F30692B57E6310039EE35 /* Frameworks */ = {
			isa = PBXFrameworksBuildPhase;
			buildActionMask = 2147483647;
			files = (
			);
			runOnlyForDeploymentPostprocessing = 0;
		};
/* End PBXFrameworksBuildPhase section */

/* Begin PBXGroup section */
		7D1F30532B57E62F0039EE35 = {
			isa = PBXGroup;
			children = (
				7D1F305E2B57E6300039EE35 /* SymmetricalFunicular */,
				7D1F306F2B57E6310039EE35 /* SymmetricalFunicularTests */,
				7D1F305D2B57E6300039EE35 /* Products */,
			);
			sourceTree = "<group>";
		};
		7D1F305D2B57E6300039EE35 /* Products */ = {
			isa = PBXGroup;
			children = (
				7D1F305C2B57E6300039EE35 /* SymmetricalFunicular.app */,
				7D1F306C2B57E6310039EE35 /* SymmetricalFunicularTests.xctest */,
			);
			name = Products;
			sourceTree = "<group>";
		};
		7D1F305E2B57E6300039EE35 /* SymmetricalFunicular */ = {
			isa = PBXGroup;
			children = (
				7D446BD22B5963A0000FF185 /* Info.plist */,
				7D4A14872B581ACD009B93DE /* SearchService */,
				7D4A146D2B5804E7009B93DE /* API */,
				7D4A14572B5800EB009B93DE /* Network */,
				7D4A14542B57F95D009B93DE /* UI */,
				7DFBAAB62B57E99B00171F20 /* Model */,
				7D1F305F2B57E6300039EE35 /* SymmetricalFunicularApp.swift */,
				7D1F30632B57E6310039EE35 /* Assets.xcassets */,
				7D1F30652B57E6310039EE35 /* Preview Content */,
			);
			path = SymmetricalFunicular;
			sourceTree = "<group>";
		};
		7D1F30652B57E6310039EE35 /* Preview Content */ = {
			isa = PBXGroup;
			children = (
				7D1F30662B57E6310039EE35 /* Preview Assets.xcassets */,
			);
			path = "Preview Content";
			sourceTree = "<group>";
		};
		7D1F306F2B57E6310039EE35 /* SymmetricalFunicularTests */ = {
			isa = PBXGroup;
			children = (
				7D446BD32B5967D6000FF185 /* SearchViewModelTests.swift */,
			);
			path = SymmetricalFunicularTests;
			sourceTree = "<group>";
		};
		7D4A14542B57F95D009B93DE /* UI */ = {
			isa = PBXGroup;
			children = (
				7D4A148E2B5846AC009B93DE /* Components */,
				7D4A146C2B5803A2009B93DE /* Search */,
			);
			path = UI;
			sourceTree = "<group>";
		};
		7D4A14572B5800EB009B93DE /* Network */ = {
			isa = PBXGroup;
			children = (
				7D4A14662B580300009B93DE /* Client */,
				7D4A14692B58033A009B93DE /* Extensions */,
				7D4A14682B58031E009B93DE /* Mocks */,
				7D4A14672B580310009B93DE /* Model */,
			);
			path = Network;
			sourceTree = "<group>";
		};
		7D4A14662B580300009B93DE /* Client */ = {
			isa = PBXGroup;
			children = (
				7D4A14582B5800FB009B93DE /* Client.swift */,
				7D4A145E2B5801E5009B93DE /* ClientImpl.swift */,
			);
			path = Client;
			sourceTree = "<group>";
		};
		7D4A14672B580310009B93DE /* Model */ = {
			isa = PBXGroup;
			children = (
				7D4A145C2B580196009B93DE /* Error.swift */,
				7D4A145A2B580178009B93DE /* Method.swift */,
				7D4A14602B580217009B93DE /* Environment.swift */,
			);
			path = Model;
			sourceTree = "<group>";
		};
		7D4A14682B58031E009B93DE /* Mocks */ = {
			isa = PBXGroup;
			children = (
				7D4A14622B5802A6009B93DE /* ResponsesMock.swift */,
			);
			path = Mocks;
			sourceTree = "<group>";
		};
		7D4A14692B58033A009B93DE /* Extensions */ = {
			isa = PBXGroup;
			children = (
				7D4A14642B5802E5009B93DE /* URLRequest+Curl.swift */,
			);
			path = Extensions;
			sourceTree = "<group>";
		};
		7D4A146C2B5803A2009B93DE /* Search */ = {
			isa = PBXGroup;
			children = (
				7DFBAAB42B57E97200171F20 /* SearchView.swift */,
				7D4A146A2B580396009B93DE /* SearchViewModel.swift */,
				7D446BD62B597665000FF185 /* EmptyStateView.swift */,
			);
			path = Search;
			sourceTree = "<group>";
		};
		7D4A146D2B5804E7009B93DE /* API */ = {
			isa = PBXGroup;
			children = (
				7D4A147C2B5807B4009B93DE /* Extensions */,
				7D4A14752B580638009B93DE /* Model */,
				7D4A146E2B580510009B93DE /* Protocols */,
				7D4A147F2B580FF5009B93DE /* Requests */,
			);
			path = API;
			sourceTree = "<group>";
		};
		7D4A146E2B580510009B93DE /* Protocols */ = {
			isa = PBXGroup;
			children = (
				7D4A14732B580586009B93DE /* ApiRequest.swift */,
				7D4A146F2B580525009B93DE /* ApiService.swift */,
			);
			path = Protocols;
			sourceTree = "<group>";
		};
		7D4A14752B580638009B93DE /* Model */ = {
			isa = PBXGroup;
			children = (
				7D4A147A2B580765009B93DE /* ApiException.swift */,
				7D4A14712B580540009B93DE /* ApiEnvironment.swift */,
				7D4A14782B58070C009B93DE /* ErrorResponse.swift */,
				7D4A14762B58064C009B93DE /* RequestParameters.swift */,
			);
			path = Model;
			sourceTree = "<group>";
		};
		7D4A147C2B5807B4009B93DE /* Extensions */ = {
			isa = PBXGroup;
			children = (
				7D4A147D2B5807E1009B93DE /* ApiRequest+.swift */,
			);
			path = Extensions;
			sourceTree = "<group>";
		};
		7D4A147F2B580FF5009B93DE /* Requests */ = {
			isa = PBXGroup;
			children = (
				7D4A14802B58101E009B93DE /* SearchRequest.swift */,
			);
			path = Requests;
			sourceTree = "<group>";
		};
		7D4A14822B5817FD009B93DE /* Extensions */ = {
			isa = PBXGroup;
			children = (
				7D4A14852B5819DA009B93DE /* repos.json */,
				7D4A14832B581818009B93DE /* Repository+.swift */,
			);
			path = Extensions;
			sourceTree = "<group>";
		};
		7D4A14872B581ACD009B93DE /* SearchService */ = {
			isa = PBXGroup;
			children = (
				7D4A14882B581AF6009B93DE /* SearchService.swift */,
				7D4A148A2B581BCA009B93DE /* SearchServiceImpl.swift */,
			);
			path = SearchService;
			sourceTree = "<group>";
		};
		7D4A148E2B5846AC009B93DE /* Components */ = {
			isa = PBXGroup;
			children = (
				7D4A14552B57FA02009B93DE /* CardView.swift */,
				7D4A148C2B58467E009B93DE /* SearchBarView.swift */,
				7D446BD02B593449000FF185 /* PaginationView.swift */,
			);
			path = Components;
			sourceTree = "<group>";
		};
		7DFBAAB62B57E99B00171F20 /* Model */ = {
			isa = PBXGroup;
			children = (
				7D4A14822B5817FD009B93DE /* Extensions */,
				7DFBAAB92B57EBD500171F20 /* License.swift */,
				7DFBAABB2B57EBE600171F20 /* Owner.swift */,
				7DFBAAB72B57E9BA00171F20 /* Repository.swift */,
			);
			path = Model;
			sourceTree = "<group>";
		};
/* End PBXGroup section */

/* Begin PBXNativeTarget section */
		7D1F305B2B57E6300039EE35 /* SymmetricalFunicular */ = {
			isa = PBXNativeTarget;
			buildConfigurationList = 7D1F30802B57E6310039EE35 /* Build configuration list for PBXNativeTarget "SymmetricalFunicular" */;
			buildPhases = (
				7D1F30582B57E6300039EE35 /* Sources */,
				7D1F30592B57E6300039EE35 /* Frameworks */,
				7D1F305A2B57E6300039EE35 /* Resources */,
			);
			buildRules = (
			);
			dependencies = (
			);
			name = SymmetricalFunicular;
			productName = SymmetricalFunicular;
			productReference = 7D1F305C2B57E6300039EE35 /* SymmetricalFunicular.app */;
			productType = "com.apple.product-type.application";
		};
		7D1F306B2B57E6310039EE35 /* SymmetricalFunicularTests */ = {
			isa = PBXNativeTarget;
			buildConfigurationList = 7D1F30832B57E6310039EE35 /* Build configuration list for PBXNativeTarget "SymmetricalFunicularTests" */;
			buildPhases = (
				7D1F30682B57E6310039EE35 /* Sources */,
				7D1F30692B57E6310039EE35 /* Frameworks */,
				7D1F306A2B57E6310039EE35 /* Resources */,
			);
			buildRules = (
			);
			dependencies = (
				7D1F306E2B57E6310039EE35 /* PBXTargetDependency */,
			);
			name = SymmetricalFunicularTests;
			productName = SymmetricalFunicularTests;
			productReference = 7D1F306C2B57E6310039EE35 /* SymmetricalFunicularTests.xctest */;
			productType = "com.apple.product-type.bundle.unit-test";
		};
/* End PBXNativeTarget section */

/* Begin PBXProject section */
		7D1F30542B57E62F0039EE35 /* Project object */ = {
			isa = PBXProject;
			attributes = {
				BuildIndependentTargetsInParallel = 1;
				LastSwiftUpdateCheck = 1510;
				LastUpgradeCheck = 1510;
				TargetAttributes = {
					7D1F305B2B57E6300039EE35 = {
						CreatedOnToolsVersion = 15.1;
					};
					7D1F306B2B57E6310039EE35 = {
						CreatedOnToolsVersion = 15.1;
						TestTargetID = 7D1F305B2B57E6300039EE35;
					};
				};
			};
			buildConfigurationList = 7D1F30572B57E62F0039EE35 /* Build configuration list for PBXProject "SymmetricalFunicular" */;
			compatibilityVersion = "Xcode 14.0";
			developmentRegion = en;
			hasScannedForEncodings = 0;
			knownRegions = (
				en,
				Base,
			);
			mainGroup = 7D1F30532B57E62F0039EE35;
			productRefGroup = 7D1F305D2B57E6300039EE35 /* Products */;
			projectDirPath = "";
			projectRoot = "";
			targets = (
				7D1F305B2B57E6300039EE35 /* SymmetricalFunicular */,
				7D1F306B2B57E6310039EE35 /* SymmetricalFunicularTests */,
			);
		};
/* End PBXProject section */

/* Begin PBXResourcesBuildPhase section */
		7D1F305A2B57E6300039EE35 /* Resources */ = {
			isa = PBXResourcesBuildPhase;
			buildActionMask = 2147483647;
			files = (
				7D1F30672B57E6310039EE35 /* Preview Assets.xcassets in Resources */,
				7D4A14862B5819DA009B93DE /* repos.json in Resources */,
				7D1F30642B57E6310039EE35 /* Assets.xcassets in Resources */,
			);
			runOnlyForDeploymentPostprocessing = 0;
		};
		7D1F306A2B57E6310039EE35 /* Resources */ = {
			isa = PBXResourcesBuildPhase;
			buildActionMask = 2147483647;
			files = (
			);
			runOnlyForDeploymentPostprocessing = 0;
		};
/* End PBXResourcesBuildPhase section */

/* Begin PBXSourcesBuildPhase section */
		7D1F30582B57E6300039EE35 /* Sources */ = {
			isa = PBXSourcesBuildPhase;
			buildActionMask = 2147483647;
			files = (
				7D4A145B2B580178009B93DE /* Method.swift in Sources */,
				7D4A14812B58101E009B93DE /* SearchRequest.swift in Sources */,
				7D4A14702B580525009B93DE /* ApiService.swift in Sources */,
				7DFBAABC2B57EBE600171F20 /* Owner.swift in Sources */,
				7D4A14592B5800FB009B93DE /* Client.swift in Sources */,
				7DFBAAB52B57E97200171F20 /* SearchView.swift in Sources */,
				7D446BD72B597665000FF185 /* EmptyStateView.swift in Sources */,
				7D4A14652B5802E5009B93DE /* URLRequest+Curl.swift in Sources */,
				7DFBAABA2B57EBD500171F20 /* License.swift in Sources */,
				7D1F30602B57E6300039EE35 /* SymmetricalFunicularApp.swift in Sources */,
				7D4A14842B581818009B93DE /* Repository+.swift in Sources */,
				7D4A14632B5802A6009B93DE /* ResponsesMock.swift in Sources */,
				7D4A146B2B580396009B93DE /* SearchViewModel.swift in Sources */,
				7D4A147E2B5807E1009B93DE /* ApiRequest+.swift in Sources */,
				7D4A14562B57FA02009B93DE /* CardView.swift in Sources */,
				7D4A14772B58064C009B93DE /* RequestParameters.swift in Sources */,
				7D4A14612B580217009B93DE /* Environment.swift in Sources */,
				7D4A145D2B580196009B93DE /* Error.swift in Sources */,
				7D4A145F2B5801E5009B93DE /* ClientImpl.swift in Sources */,
				7D4A14722B580540009B93DE /* ApiEnvironment.swift in Sources */,
				7D4A14792B58070C009B93DE /* ErrorResponse.swift in Sources */,
				7DFBAAB82B57E9BA00171F20 /* Repository.swift in Sources */,
				7D446BD12B593449000FF185 /* PaginationView.swift in Sources */,
				7D4A148B2B581BCB009B93DE /* SearchServiceImpl.swift in Sources */,
				7D4A148D2B58467E009B93DE /* SearchBarView.swift in Sources */,
				7D4A14892B581AF6009B93DE /* SearchService.swift in Sources */,
				7D4A147B2B580765009B93DE /* ApiException.swift in Sources */,
				7D4A14742B580586009B93DE /* ApiRequest.swift in Sources */,
			);
			runOnlyForDeploymentPostprocessing = 0;
		};
		7D1F30682B57E6310039EE35 /* Sources */ = {
			isa = PBXSourcesBuildPhase;
			buildActionMask = 2147483647;
			files = (
				7D446BD42B5967D6000FF185 /* SearchViewModelTests.swift in Sources */,
			);
			runOnlyForDeploymentPostprocessing = 0;
		};
/* End PBXSourcesBuildPhase section */

/* Begin PBXTargetDependency section */
		7D1F306E2B57E6310039EE35 /* PBXTargetDependency */ = {
			isa = PBXTargetDependency;
			target = 7D1F305B2B57E6300039EE35 /* SymmetricalFunicular */;
			targetProxy = 7D1F306D2B57E6310039EE35 /* PBXContainerItemProxy */;
		};
/* End PBXTargetDependency section */

/* Begin XCBuildConfiguration section */
		7D1F307E2B57E6310039EE35 /* Debug */ = {
			isa = XCBuildConfiguration;
			buildSettings = {
				ALWAYS_SEARCH_USER_PATHS = NO;
				ASSETCATALOG_COMPILER_GENERATE_SWIFT_ASSET_SYMBOL_EXTENSIONS = YES;
				CLANG_ANALYZER_NONNULL = YES;
				CLANG_ANALYZER_NUMBER_OBJECT_CONVERSION = YES_AGGRESSIVE;
				CLANG_CXX_LANGUAGE_STANDARD = "gnu++20";
				CLANG_ENABLE_MODULES = YES;
				CLANG_ENABLE_OBJC_ARC = YES;
				CLANG_ENABLE_OBJC_WEAK = YES;
				CLANG_WARN_BLOCK_CAPTURE_AUTORELEASING = YES;
				CLANG_WARN_BOOL_CONVERSION = YES;
				CLANG_WARN_COMMA = YES;
				CLANG_WARN_CONSTANT_CONVERSION = YES;
				CLANG_WARN_DEPRECATED_OBJC_IMPLEMENTATIONS = YES;
				CLANG_WARN_DIRECT_OBJC_ISA_USAGE = YES_ERROR;
				CLANG_WARN_DOCUMENTATION_COMMENTS = YES;
				CLANG_WARN_EMPTY_BODY = YES;
				CLANG_WARN_ENUM_CONVERSION = YES;
				CLANG_WARN_INFINITE_RECURSION = YES;
				CLANG_WARN_INT_CONVERSION = YES;
				CLANG_WARN_NON_LITERAL_NULL_CONVERSION = YES;
				CLANG_WARN_OBJC_IMPLICIT_RETAIN_SELF = YES;
				CLANG_WARN_OBJC_LITERAL_CONVERSION = YES;
				CLANG_WARN_OBJC_ROOT_CLASS = YES_ERROR;
				CLANG_WARN_QUOTED_INCLUDE_IN_FRAMEWORK_HEADER = YES;
				CLANG_WARN_RANGE_LOOP_ANALYSIS = YES;
				CLANG_WARN_STRICT_PROTOTYPES = YES;
				CLANG_WARN_SUSPICIOUS_MOVE = YES;
				CLANG_WARN_UNGUARDED_AVAILABILITY = YES_AGGRESSIVE;
				CLANG_WARN_UNREACHABLE_CODE = YES;
				CLANG_WARN__DUPLICATE_METHOD_MATCH = YES;
				COPY_PHASE_STRIP = NO;
				DEBUG_INFORMATION_FORMAT = dwarf;
				ENABLE_STRICT_OBJC_MSGSEND = YES;
				ENABLE_TESTABILITY = YES;
				ENABLE_USER_SCRIPT_SANDBOXING = YES;
				GCC_C_LANGUAGE_STANDARD = gnu17;
				GCC_DYNAMIC_NO_PIC = NO;
				GCC_NO_COMMON_BLOCKS = YES;
				GCC_OPTIMIZATION_LEVEL = 0;
				GCC_PREPROCESSOR_DEFINITIONS = (
					"DEBUG=1",
					"$(inherited)",
				);
				GCC_WARN_64_TO_32_BIT_CONVERSION = YES;
				GCC_WARN_ABOUT_RETURN_TYPE = YES_ERROR;
				GCC_WARN_UNDECLARED_SELECTOR = YES;
				GCC_WARN_UNINITIALIZED_AUTOS = YES_AGGRESSIVE;
				GCC_WARN_UNUSED_FUNCTION = YES;
				GCC_WARN_UNUSED_VARIABLE = YES;
				IPHONEOS_DEPLOYMENT_TARGET = 17.2;
				LOCALIZATION_PREFERS_STRING_CATALOGS = YES;
				MTL_ENABLE_DEBUG_INFO = INCLUDE_SOURCE;
				MTL_FAST_MATH = YES;
				ONLY_ACTIVE_ARCH = YES;
				SDKROOT = iphoneos;
				SWIFT_ACTIVE_COMPILATION_CONDITIONS = "DEBUG $(inherited)";
				SWIFT_OPTIMIZATION_LEVEL = "-Onone";
			};
			name = Debug;
		};
		7D1F307F2B57E6310039EE35 /* Release */ = {
			isa = XCBuildConfiguration;
			buildSettings = {
				ALWAYS_SEARCH_USER_PATHS = NO;
				ASSETCATALOG_COMPILER_GENERATE_SWIFT_ASSET_SYMBOL_EXTENSIONS = YES;
				CLANG_ANALYZER_NONNULL = YES;
				CLANG_ANALYZER_NUMBER_OBJECT_CONVERSION = YES_AGGRESSIVE;
				CLANG_CXX_LANGUAGE_STANDARD = "gnu++20";
				CLANG_ENABLE_MODULES = YES;
				CLANG_ENABLE_OBJC_ARC = YES;
				CLANG_ENABLE_OBJC_WEAK = YES;
				CLANG_WARN_BLOCK_CAPTURE_AUTORELEASING = YES;
				CLANG_WARN_BOOL_CONVERSION = YES;
				CLANG_WARN_COMMA = YES;
				CLANG_WARN_CONSTANT_CONVERSION = YES;
				CLANG_WARN_DEPRECATED_OBJC_IMPLEMENTATIONS = YES;
				CLANG_WARN_DIRECT_OBJC_ISA_USAGE = YES_ERROR;
				CLANG_WARN_DOCUMENTATION_COMMENTS = YES;
				CLANG_WARN_EMPTY_BODY = YES;
				CLANG_WARN_ENUM_CONVERSION = YES;
				CLANG_WARN_INFINITE_RECURSION = YES;
				CLANG_WARN_INT_CONVERSION = YES;
				CLANG_WARN_NON_LITERAL_NULL_CONVERSION = YES;
				CLANG_WARN_OBJC_IMPLICIT_RETAIN_SELF = YES;
				CLANG_WARN_OBJC_LITERAL_CONVERSION = YES;
				CLANG_WARN_OBJC_ROOT_CLASS = YES_ERROR;
				CLANG_WARN_QUOTED_INCLUDE_IN_FRAMEWORK_HEADER = YES;
				CLANG_WARN_RANGE_LOOP_ANALYSIS = YES;
				CLANG_WARN_STRICT_PROTOTYPES = YES;
				CLANG_WARN_SUSPICIOUS_MOVE = YES;
				CLANG_WARN_UNGUARDED_AVAILABILITY = YES_AGGRESSIVE;
				CLANG_WARN_UNREACHABLE_CODE = YES;
				CLANG_WARN__DUPLICATE_METHOD_MATCH = YES;
				COPY_PHASE_STRIP = NO;
				DEBUG_INFORMATION_FORMAT = "dwarf-with-dsym";
				ENABLE_NS_ASSERTIONS = NO;
				ENABLE_STRICT_OBJC_MSGSEND = YES;
				ENABLE_USER_SCRIPT_SANDBOXING = YES;
				GCC_C_LANGUAGE_STANDARD = gnu17;
				GCC_NO_COMMON_BLOCKS = YES;
				GCC_WARN_64_TO_32_BIT_CONVERSION = YES;
				GCC_WARN_ABOUT_RETURN_TYPE = YES_ERROR;
				GCC_WARN_UNDECLARED_SELECTOR = YES;
				GCC_WARN_UNINITIALIZED_AUTOS = YES_AGGRESSIVE;
				GCC_WARN_UNUSED_FUNCTION = YES;
				GCC_WARN_UNUSED_VARIABLE = YES;
				IPHONEOS_DEPLOYMENT_TARGET = 17.2;
				LOCALIZATION_PREFERS_STRING_CATALOGS = YES;
				MTL_ENABLE_DEBUG_INFO = NO;
				MTL_FAST_MATH = YES;
				SDKROOT = iphoneos;
				SWIFT_COMPILATION_MODE = wholemodule;
				VALIDATE_PRODUCT = YES;
			};
			name = Release;
		};
		7D1F30812B57E6310039EE35 /* Debug */ = {
			isa = XCBuildConfiguration;
			buildSettings = {
				ASSETCATALOG_COMPILER_APPICON_NAME = AppIcon;
				ASSETCATALOG_COMPILER_GLOBAL_ACCENT_COLOR_NAME = AccentColor;
				ASSETCATALOG_COMPILER_INCLUDE_ALL_APPICON_ASSETS = NO;
				CODE_SIGN_STYLE = Automatic;
				CURRENT_PROJECT_VERSION = 1;
				DEVELOPMENT_ASSET_PATHS = "\"SymmetricalFunicular/Preview Content\"";
				DEVELOPMENT_TEAM = KK36F2B9L7;
				ENABLE_PREVIEWS = YES;
				GENERATE_INFOPLIST_FILE = YES;
				INFOPLIST_FILE = SymmetricalFunicular/Info.plist;
				INFOPLIST_KEY_UIApplicationSceneManifest_Generation = YES;
				INFOPLIST_KEY_UIApplicationSupportsIndirectInputEvents = YES;
				INFOPLIST_KEY_UILaunchScreen_Generation = YES;
				INFOPLIST_KEY_UISupportedInterfaceOrientations_iPad = "UIInterfaceOrientationPortrait UIInterfaceOrientationPortraitUpsideDown UIInterfaceOrientationLandscapeLeft UIInterfaceOrientationLandscapeRight";
				INFOPLIST_KEY_UISupportedInterfaceOrientations_iPhone = "UIInterfaceOrientationPortrait UIInterfaceOrientationLandscapeLeft UIInterfaceOrientationLandscapeRight";
				LD_RUNPATH_SEARCH_PATHS = (
					"$(inherited)",
					"@executable_path/Frameworks",
				);
				MARKETING_VERSION = 1.0;
				PRODUCT_BUNDLE_IDENTIFIER = com.88Studios.SymmetricalFunicular;
				PRODUCT_NAME = "$(TARGET_NAME)";
				SUPPORTED_PLATFORMS = "iphoneos iphonesimulator";
				SUPPORTS_MACCATALYST = NO;
				SUPPORTS_MAC_DESIGNED_FOR_IPHONE_IPAD = NO;
				SWIFT_EMIT_LOC_STRINGS = YES;
				SWIFT_VERSION = 5.0;
				TARGETED_DEVICE_FAMILY = 1;
			};
			name = Debug;
		};
		7D1F30822B57E6310039EE35 /* Release */ = {
			isa = XCBuildConfiguration;
			buildSettings = {
				ASSETCATALOG_COMPILER_APPICON_NAME = AppIcon;
				ASSETCATALOG_COMPILER_GLOBAL_ACCENT_COLOR_NAME = AccentColor;
				ASSETCATALOG_COMPILER_INCLUDE_ALL_APPICON_ASSETS = NO;
				CODE_SIGN_STYLE = Automatic;
				CURRENT_PROJECT_VERSION = 1;
				DEVELOPMENT_ASSET_PATHS = "\"SymmetricalFunicular/Preview Content\"";
				DEVELOPMENT_TEAM = KK36F2B9L7;
				ENABLE_PREVIEWS = YES;
				GENERATE_INFOPLIST_FILE = YES;
				INFOPLIST_FILE = SymmetricalFunicular/Info.plist;
				INFOPLIST_KEY_UIApplicationSceneManifest_Generation = YES;
				INFOPLIST_KEY_UIApplicationSupportsIndirectInputEvents = YES;
				INFOPLIST_KEY_UILaunchScreen_Generation = YES;
				INFOPLIST_KEY_UISupportedInterfaceOrientations_iPad = "UIInterfaceOrientationPortrait UIInterfaceOrientationPortraitUpsideDown UIInterfaceOrientationLandscapeLeft UIInterfaceOrientationLandscapeRight";
				INFOPLIST_KEY_UISupportedInterfaceOrientations_iPhone = "UIInterfaceOrientationPortrait UIInterfaceOrientationLandscapeLeft UIInterfaceOrientationLandscapeRight";
				LD_RUNPATH_SEARCH_PATHS = (
					"$(inherited)",
					"@executable_path/Frameworks",
				);
				MARKETING_VERSION = 1.0;
				PRODUCT_BUNDLE_IDENTIFIER = com.88Studios.SymmetricalFunicular;
				PRODUCT_NAME = "$(TARGET_NAME)";
				SUPPORTED_PLATFORMS = "iphoneos iphonesimulator";
				SUPPORTS_MACCATALYST = NO;
				SUPPORTS_MAC_DESIGNED_FOR_IPHONE_IPAD = NO;
				SWIFT_EMIT_LOC_STRINGS = YES;
				SWIFT_VERSION = 5.0;
				TARGETED_DEVICE_FAMILY = 1;
			};
			name = Release;
		};
		7D1F30842B57E6310039EE35 /* Debug */ = {
			isa = XCBuildConfiguration;
			buildSettings = {
				ALWAYS_EMBED_SWIFT_STANDARD_LIBRARIES = YES;
				BUNDLE_LOADER = "$(TEST_HOST)";
				CODE_SIGN_STYLE = Automatic;
				CURRENT_PROJECT_VERSION = 1;
				DEVELOPMENT_TEAM = KK36F2B9L7;
				GENERATE_INFOPLIST_FILE = YES;
				IPHONEOS_DEPLOYMENT_TARGET = 17.2;
				MARKETING_VERSION = 1.0;
				PRODUCT_BUNDLE_IDENTIFIER = com.88Studios.SymmetricalFunicularTests;
				PRODUCT_NAME = "$(TARGET_NAME)";
				SWIFT_EMIT_LOC_STRINGS = NO;
				SWIFT_VERSION = 5.0;
				TARGETED_DEVICE_FAMILY = "1,2";
				TEST_HOST = "$(BUILT_PRODUCTS_DIR)/SymmetricalFunicular.app/$(BUNDLE_EXECUTABLE_FOLDER_PATH)/SymmetricalFunicular";
			};
			name = Debug;
		};
		7D1F30852B57E6310039EE35 /* Release */ = {
			isa = XCBuildConfiguration;
			buildSettings = {
				ALWAYS_EMBED_SWIFT_STANDARD_LIBRARIES = YES;
				BUNDLE_LOADER = "$(TEST_HOST)";
				CODE_SIGN_STYLE = Automatic;
				CURRENT_PROJECT_VERSION = 1;
				DEVELOPMENT_TEAM = KK36F2B9L7;
				GENERATE_INFOPLIST_FILE = YES;
				IPHONEOS_DEPLOYMENT_TARGET = 17.2;
				MARKETING_VERSION = 1.0;
				PRODUCT_BUNDLE_IDENTIFIER = com.88Studios.SymmetricalFunicularTests;
				PRODUCT_NAME = "$(TARGET_NAME)";
				SWIFT_EMIT_LOC_STRINGS = NO;
				SWIFT_VERSION = 5.0;
				TARGETED_DEVICE_FAMILY = "1,2";
				TEST_HOST = "$(BUILT_PRODUCTS_DIR)/SymmetricalFunicular.app/$(BUNDLE_EXECUTABLE_FOLDER_PATH)/SymmetricalFunicular";
			};
			name = Release;
		};
/* End XCBuildConfiguration section */

/* Begin XCConfigurationList section */
		7D1F30572B57E62F0039EE35 /* Build configuration list for PBXProject "SymmetricalFunicular" */ = {
			isa = XCConfigurationList;
			buildConfigurations = (
				7D1F307E2B57E6310039EE35 /* Debug */,
				7D1F307F2B57E6310039EE35 /* Release */,
			);
			defaultConfigurationIsVisible = 0;
			defaultConfigurationName = Release;
		};
		7D1F30802B57E6310039EE35 /* Build configuration list for PBXNativeTarget "SymmetricalFunicular" */ = {
			isa = XCConfigurationList;
			buildConfigurations = (
				7D1F30812B57E6310039EE35 /* Debug */,
				7D1F30822B57E6310039EE35 /* Release */,
			);
			defaultConfigurationIsVisible = 0;
			defaultConfigurationName = Release;
		};
		7D1F30832B57E6310039EE35 /* Build configuration list for PBXNativeTarget "SymmetricalFunicularTests" */ = {
			isa = XCConfigurationList;
			buildConfigurations = (
				7D1F30842B57E6310039EE35 /* Debug */,
				7D1F30852B57E6310039EE35 /* Release */,
			);
			defaultConfigurationIsVisible = 0;
			defaultConfigurationName = Release;
		};
/* End XCConfigurationList section */
	};
	rootObject = 7D1F30542B57E62F0039EE35 /* Project object */;
}
